// !$*UTF8*$!
{
	archiveVersion = 1;
	classes = {
	};
	objectVersion = 50;
	objects = {

/* Begin PBXBuildFile section */
		18AB10FC22C41CEE00297AB6 /* AppDelegate.swift in Sources */ = {isa = PBXBuildFile; fileRef = 18AB10FB22C41CEE00297AB6 /* AppDelegate.swift */; };
		18AB10FE22C41CEE00297AB6 /* ViewController.swift in Sources */ = {isa = PBXBuildFile; fileRef = 18AB10FD22C41CEE00297AB6 /* ViewController.swift */; };
		18AB110122C41CEE00297AB6 /* Main.storyboard in Resources */ = {isa = PBXBuildFile; fileRef = 18AB10FF22C41CEE00297AB6 /* Main.storyboard */; };
		18AB110422C41CEE00297AB6 /* Livin_Green_Round_2.xcdatamodeld in Sources */ = {isa = PBXBuildFile; fileRef = 18AB110222C41CEE00297AB6 /* Livin_Green_Round_2.xcdatamodeld */; };
		18AB110622C41CF000297AB6 /* Assets.xcassets in Resources */ = {isa = PBXBuildFile; fileRef = 18AB110522C41CF000297AB6 /* Assets.xcassets */; };
		18AB110922C41CF000297AB6 /* LaunchScreen.storyboard in Resources */ = {isa = PBXBuildFile; fileRef = 18AB110722C41CF000297AB6 /* LaunchScreen.storyboard */; };
/* End PBXBuildFile section */

/* Begin PBXFileReference section */
		18AB10F822C41CEE00297AB6 /* Livin'Green_Round_2.app */ = {isa = PBXFileReference; explicitFileType = wrapper.application; includeInIndex = 0; path = "Livin'Green_Round_2.app"; sourceTree = BUILT_PRODUCTS_DIR; };
		18AB10FB22C41CEE00297AB6 /* AppDelegate.swift */ = {isa = PBXFileReference; lastKnownFileType = sourcecode.swift; path = AppDelegate.swift; sourceTree = "<group>"; };
		18AB10FD22C41CEE00297AB6 /* ViewController.swift */ = {isa = PBXFileReference; lastKnownFileType = sourcecode.swift; path = ViewController.swift; sourceTree = "<group>"; };
		18AB110022C41CEE00297AB6 /* Base */ = {isa = PBXFileReference; lastKnownFileType = file.storyboard; name = Base; path = Base.lproj/Main.storyboard; sourceTree = "<group>"; };
		18AB110322C41CEE00297AB6 /* Livin_Green_Round_2.xcdatamodel */ = {isa = PBXFileReference; lastKnownFileType = wrapper.xcdatamodel; path = Livin_Green_Round_2.xcdatamodel; sourceTree = "<group>"; };
		18AB110522C41CF000297AB6 /* Assets.xcassets */ = {isa = PBXFileReference; lastKnownFileType = folder.assetcatalog; path = Assets.xcassets; sourceTree = "<group>"; };
		18AB110822C41CF000297AB6 /* Base */ = {isa = PBXFileReference; lastKnownFileType = file.storyboard; name = Base; path = Base.lproj/LaunchScreen.storyboard; sourceTree = "<group>"; };
		18AB110A22C41CF000297AB6 /* Info.plist */ = {isa = PBXFileReference; lastKnownFileType = text.plist.xml; path = Info.plist; sourceTree = "<group>"; };
/* End PBXFileReference section */

/* Begin PBXFrameworksBuildPhase section */
		18AB10F522C41CEE00297AB6 /* Frameworks */ = {
			isa = PBXFrameworksBuildPhase;
			buildActionMask = 2147483647;
			files = (
			);
			runOnlyForDeploymentPostprocessing = 0;
		};
/* End PBXFrameworksBuildPhase section */

/* Begin PBXGroup section */
		18AB10EF22C41CEE00297AB6 = {
			isa = PBXGroup;
			children = (
				18AB10FA22C41CEE00297AB6 /* Livin'Green_Round_2 */,
				18AB10F922C41CEE00297AB6 /* Products */,
			);
			sourceTree = "<group>";
		};
		18AB10F922C41CEE00297AB6 /* Products */ = {
			isa = PBXGroup;
			children = (
				18AB10F822C41CEE00297AB6 /* Livin'Green_Round_2.app */,
			);
			name = Products;
			sourceTree = "<group>";
		};
		18AB10FA22C41CEE00297AB6 /* Livin'Green_Round_2 */ = {
			isa = PBXGroup;
			children = (
				18AB10FB22C41CEE00297AB6 /* AppDelegate.swift */,
				18AB10FD22C41CEE00297AB6 /* ViewController.swift */,
				18AB10FF22C41CEE00297AB6 /* Main.storyboard */,
				18AB110522C41CF000297AB6 /* Assets.xcassets */,
				18AB110722C41CF000297AB6 /* LaunchScreen.storyboard */,
				18AB110A22C41CF000297AB6 /* Info.plist */,
				18AB110222C41CEE00297AB6 /* Livin_Green_Round_2.xcdatamodeld */,
			);
			path = "Livin'Green_Round_2";
			sourceTree = "<group>";
		};
/* End PBXGroup section */

/* Begin PBXNativeTarget section */
		18AB10F722C41CEE00297AB6 /* Livin'Green_Round_2 */ = {
			isa = PBXNativeTarget;
			buildConfigurationList = 18AB110D22C41CF000297AB6 /* Build configuration list for PBXNativeTarget "Livin'Green_Round_2" */;
			buildPhases = (
				18AB10F422C41CEE00297AB6 /* Sources */,
				18AB10F522C41CEE00297AB6 /* Frameworks */,
				18AB10F622C41CEE00297AB6 /* Resources */,
			);
			buildRules = (
			);
			dependencies = (
			);
			name = "Livin'Green_Round_2";
			productName = "Livin'Green_Round_2";
			productReference = 18AB10F822C41CEE00297AB6 /* Livin'Green_Round_2.app */;
			productType = "com.apple.product-type.application";
		};
/* End PBXNativeTarget section */

/* Begin PBXProject section */
		18AB10F022C41CEE00297AB6 /* Project object */ = {
			isa = PBXProject;
			attributes = {
				LastSwiftUpdateCheck = 1020;
				LastUpgradeCheck = 1020;
				ORGANIZATIONNAME = "Citlally Ruiz";
				TargetAttributes = {
					18AB10F722C41CEE00297AB6 = {
						CreatedOnToolsVersion = 10.2.1;
					};
				};
			};
			buildConfigurationList = 18AB10F322C41CEE00297AB6 /* Build configuration list for PBXProject "Livin'Green_Round_2" */;
			compatibilityVersion = "Xcode 9.3";
			developmentRegion = en;
			hasScannedForEncodings = 0;
			knownRegions = (
				en,
				Base,
			);
			mainGroup = 18AB10EF22C41CEE00297AB6;
			productRefGroup = 18AB10F922C41CEE00297AB6 /* Products */;
			projectDirPath = "";
			projectRoot = "";
			targets = (
				18AB10F722C41CEE00297AB6 /* Livin'Green_Round_2 */,
			);
		};
/* End PBXProject section */

/* Begin PBXResourcesBuildPhase section */
		18AB10F622C41CEE00297AB6 /* Resources */ = {
			isa = PBXResourcesBuildPhase;
			buildActionMask = 2147483647;
			files = (
				18AB110922C41CF000297AB6 /* LaunchScreen.storyboard in Resources */,
				18AB110622C41CF000297AB6 /* Assets.xcassets in Resources */,
				18AB110122C41CEE00297AB6 /* Main.storyboard in Resources */,
			);
			runOnlyForDeploymentPostprocessing = 0;
		};
/* End PBXResourcesBuildPhase section */

/* Begin PBXSourcesBuildPhase section */
		18AB10F422C41CEE00297AB6 /* Sources */ = {
			isa = PBXSourcesBuildPhase;
			buildActionMask = 2147483647;
			files = (
				18AB110422C41CEE00297AB6 /* Livin_Green_Round_2.xcdatamodeld in Sources */,
				18AB10FE22C41CEE00297AB6 /* ViewController.swift in Sources */,
				18AB10FC22C41CEE00297AB6 /* AppDelegate.swift in Sources */,
			);
			runOnlyForDeploymentPostprocessing = 0;
		};
/* End PBXSourcesBuildPhase section */

/* Begin PBXVariantGroup section */
		18AB10FF22C41CEE00297AB6 /* Main.storyboard */ = {
			isa = PBXVariantGroup;
			children = (
				18AB110022C41CEE00297AB6 /* Base */,
			);
			name = Main.storyboard;
			sourceTree = "<group>";
		};
		18AB110722C41CF000297AB6 /* LaunchScreen.storyboard */ = {
			isa = PBXVariantGroup;
			children = (
				18AB110822C41CF000297AB6 /* Base */,
			);
			name = LaunchScreen.storyboard;
			sourceTree = "<group>";
		};
/* End PBXVariantGroup section */

/* Begin XCBuildConfiguration section */
		18AB110B22C41CF000297AB6 /* Debug */ = {
			isa = XCBuildConfiguration;
			buildSettings = {
				ALWAYS_SEARCH_USER_PATHS = NO;
				CLANG_ANALYZER_NONNULL = YES;
				CLANG_ANALYZER_NUMBER_OBJECT_CONVERSION = YES_AGGRESSIVE;
				CLANG_CXX_LANGUAGE_STANDARD = "gnu++14";
				CLANG_CXX_LIBRARY = "libc++";
				CLANG_ENABLE_MODULES = YES;
				CLANG_ENABLE_OBJC_ARC = YES;
				CLANG_ENABLE_OBJC_WEAK = YES;
				CLANG_WARN_BLOCK_CAPTURE_AUTORELEASING = YES;
				CLANG_WARN_BOOL_CONVERSION = YES;
				CLANG_WARN_COMMA = YES;
				CLANG_WARN_CONSTANT_CONVERSION = YES;
				CLANG_WARN_DEPRECATED_OBJC_IMPLEMENTATIONS = YES;
				CLANG_WARN_DIRECT_OBJC_ISA_USAGE = YES_ERROR;
				CLANG_WARN_DOCUMENTATION_COMMENTS = YES;
				CLANG_WARN_EMPTY_BODY = YES;
				CLANG_WARN_ENUM_CONVERSION = YES;
				CLANG_WARN_INFINITE_RECURSION = YES;
				CLANG_WARN_INT_CONVERSION = YES;
				CLANG_WARN_NON_LITERAL_NULL_CONVERSION = YES;
				CLANG_WARN_OBJC_IMPLICIT_RETAIN_SELF = YES;
				CLANG_WARN_OBJC_LITERAL_CONVERSION = YES;
				CLANG_WARN_OBJC_ROOT_CLASS = YES_ERROR;
				CLANG_WARN_RANGE_LOOP_ANALYSIS = YES;
				CLANG_WARN_STRICT_PROTOTYPES = YES;
				CLANG_WARN_SUSPICIOUS_MOVE = YES;
				CLANG_WARN_UNGUARDED_AVAILABILITY = YES_AGGRESSIVE;
				CLANG_WARN_UNREACHABLE_CODE = YES;
				CLANG_WARN__DUPLICATE_METHOD_MATCH = YES;
				CODE_SIGN_IDENTITY = "iPhone Developer";
				COPY_PHASE_STRIP = NO;
				DEBUG_INFORMATION_FORMAT = dwarf;
				ENABLE_STRICT_OBJC_MSGSEND = YES;
				ENABLE_TESTABILITY = YES;
				GCC_C_LANGUAGE_STANDARD = gnu11;
				GCC_DYNAMIC_NO_PIC = NO;
				GCC_NO_COMMON_BLOCKS = YES;
				GCC_OPTIMIZATION_LEVEL = 0;
				GCC_PREPROCESSOR_DEFINITIONS = (
					"DEBUG=1",
					"$(inherited)",
				);
				GCC_WARN_64_TO_32_BIT_CONVERSION = YES;
				GCC_WARN_ABOUT_RETURN_TYPE = YES_ERROR;
				GCC_WARN_UNDECLARED_SELECTOR = YES;
				GCC_WARN_UNINITIALIZED_AUTOS = YES_AGGRESSIVE;
				GCC_WARN_UNUSED_FUNCTION = YES;
				GCC_WARN_UNUSED_VARIABLE = YES;
				IPHONEOS_DEPLOYMENT_TARGET = 12.2;
				MTL_ENABLE_DEBUG_INFO = INCLUDE_SOURCE;
				MTL_FAST_MATH = YES;
				ONLY_ACTIVE_ARCH = YES;
				SDKROOT = iphoneos;
				SWIFT_ACTIVE_COMPILATION_CONDITIONS = DEBUG;
				SWIFT_OPTIMIZATION_LEVEL = "-Onone";
			};
			name = Debug;
		};
		18AB110C22C41CF000297AB6 /* Release */ = {
			isa = XCBuildConfiguration;
			buildSettings = {
				ALWAYS_SEARCH_USER_PATHS = NO;
				CLANG_ANALYZER_NONNULL = YES;
				CLANG_ANALYZER_NUMBER_OBJECT_CONVERSION = YES_AGGRESSIVE;
				CLANG_CXX_LANGUAGE_STANDARD = "gnu++14";
				CLANG_CXX_LIBRARY = "libc++";
				CLANG_ENABLE_MODULES = YES;
				CLANG_ENABLE_OBJC_ARC = YES;
				CLANG_ENABLE_OBJC_WEAK = YES;
				CLANG_WARN_BLOCK_CAPTURE_AUTORELEASING = YES;
				CLANG_WARN_BOOL_CONVERSION = YES;
				CLANG_WARN_COMMA = YES;
				CLANG_WARN_CONSTANT_CONVERSION = YES;
				CLANG_WARN_DEPRECATED_OBJC_IMPLEMENTATIONS = YES;
				CLANG_WARN_DIRECT_OBJC_ISA_USAGE = YES_ERROR;
				CLANG_WARN_DOCUMENTATION_COMMENTS = YES;
				CLANG_WARN_EMPTY_BODY = YES;
				CLANG_WARN_ENUM_CONVERSION = YES;
				CLANG_WARN_INFINITE_RECURSION = YES;
				CLANG_WARN_INT_CONVERSION = YES;
				CLANG_WARN_NON_LITERAL_NULL_CONVERSION = YES;
				CLANG_WARN_OBJC_IMPLICIT_RETAIN_SELF = YES;
				CLANG_WARN_OBJC_LITERAL_CONVERSION = YES;
				CLANG_WARN_OBJC_ROOT_CLASS = YES_ERROR;
				CLANG_WARN_RANGE_LOOP_ANALYSIS = YES;
				CLANG_WARN_STRICT_PROTOTYPES = YES;
				CLANG_WARN_SUSPICIOUS_MOVE = YES;
				CLANG_WARN_UNGUARDED_AVAILABILITY = YES_AGGRESSIVE;
				CLANG_WARN_UNREACHABLE_CODE = YES;
				CLANG_WARN__DUPLICATE_METHOD_MATCH = YES;
				CODE_SIGN_IDENTITY = "iPhone Developer";
				COPY_PHASE_STRIP = NO;
				DEBUG_INFORMATION_FORMAT = "dwarf-with-dsym";
				ENABLE_NS_ASSERTIONS = NO;
				ENABLE_STRICT_OBJC_MSGSEND = YES;
				GCC_C_LANGUAGE_STANDARD = gnu11;
				GCC_NO_COMMON_BLOCKS = YES;
				GCC_WARN_64_TO_32_BIT_CONVERSION = YES;
				GCC_WARN_ABOUT_RETURN_TYPE = YES_ERROR;
				GCC_WARN_UNDECLARED_SELECTOR = YES;
				GCC_WARN_UNINITIALIZED_AUTOS = YES_AGGRESSIVE;
				GCC_WARN_UNUSED_FUNCTION = YES;
				GCC_WARN_UNUSED_VARIABLE = YES;
				IPHONEOS_DEPLOYMENT_TARGET = 12.2;
				MTL_ENABLE_DEBUG_INFO = NO;
				MTL_FAST_MATH = YES;
				SDKROOT = iphoneos;
				SWIFT_COMPILATION_MODE = wholemodule;
				SWIFT_OPTIMIZATION_LEVEL = "-O";
				VALIDATE_PRODUCT = YES;
			};
			name = Release;
		};
		18AB110E22C41CF000297AB6 /* Debug */ = {
			isa = XCBuildConfiguration;
			buildSettings = {
				ASSETCATALOG_COMPILER_APPICON_NAME = AppIcon;
				CODE_SIGN_STYLE = Automatic;
				DEVELOPMENT_TEAM = 9DWJ5VTB9V;
				INFOPLIST_FILE = "Livin'Green_Round_2/Info.plist";
				LD_RUNPATH_SEARCH_PATHS = (
					"$(inherited)",
					"@executable_path/Frameworks",
				);
				PRODUCT_BUNDLE_IDENTIFIER = "kwk.Livin-Green-Round-2";
				PRODUCT_NAME = "$(TARGET_NAME)";
				SWIFT_VERSION = 5.0;
				TARGETED_DEVICE_FAMILY = "1,2";
			};
			name = Debug;
		};
		18AB110F22C41CF000297AB6 /* Release */ = {
			isa = XCBuildConfiguration;
			buildSettings = {
				ASSETCATALOG_COMPILER_APPICON_NAME = AppIcon;
				CODE_SIGN_STYLE = Automatic;
				DEVELOPMENT_TEAM = 9DWJ5VTB9V;
				INFOPLIST_FILE = "Livin'Green_Round_2/Info.plist";
				LD_RUNPATH_SEARCH_PATHS = (
					"$(inherited)",
					"@executable_path/Frameworks",
				);
				PRODUCT_BUNDLE_IDENTIFIER = "kwk.Livin-Green-Round-2";
				PRODUCT_NAME = "$(TARGET_NAME)";
				SWIFT_VERSION = 5.0;
				TARGETED_DEVICE_FAMILY = "1,2";
			};
			name = Release;
		};
/* End XCBuildConfiguration section */

/* Begin XCConfigurationList section */
		18AB10F322C41CEE00297AB6 /* Build configuration list for PBXProject "Livin'Green_Round_2" */ = {
			isa = XCConfigurationList;
			buildConfigurations = (
				18AB110B22C41CF000297AB6 /* Debug */,
				18AB110C22C41CF000297AB6 /* Release */,
			);
			defaultConfigurationIsVisible = 0;
			defaultConfigurationName = Release;
		};
		18AB110D22C41CF000297AB6 /* Build configuration list for PBXNativeTarget "Livin'Green_Round_2" */ = {
			isa = XCConfigurationList;
			buildConfigurations = (
				18AB110E22C41CF000297AB6 /* Debug */,
				18AB110F22C41CF000297AB6 /* Release */,
			);
			defaultConfigurationIsVisible = 0;
			defaultConfigurationName = Release;
		};
/* End XCConfigurationList section */

/* Begin XCVersionGroup section */
		18AB110222C41CEE00297AB6 /* Livin_Green_Round_2.xcdatamodeld */ = {
			isa = XCVersionGroup;
			children = (
				18AB110322C41CEE00297AB6 /* Livin_Green_Round_2.xcdatamodel */,
			);
			currentVersion = 18AB110322C41CEE00297AB6 /* Livin_Green_Round_2.xcdatamodel */;
			path = Livin_Green_Round_2.xcdatamodeld;
			sourceTree = "<group>";
			versionGroupType = wrapper.xcdatamodel;
		};
/* End XCVersionGroup section */
	};
	rootObject = 18AB10F022C41CEE00297AB6 /* Project object */;
}
